
Microsoft Visual Studio Solution File, Format Version 12.00
# Visual Studio Version 16
VisualStudioVersion = 16.0.30523.141
MinimumVisualStudioVersion = 10.0.40219.1
Project("{FAE04EC0-301F-11D3-BF4B-00C04F79EFBC}") = "PerfectPitchPoC.UWP", "PerfectPitchPoC.UWP\PerfectPitchPoC.UWP.csproj", "{E568B91A-D5E1-4FA4-AAFA-98D70ACF35A6}"
EndProject
Project("{FAE04EC0-301F-11D3-BF4B-00C04F79EFBC}") = "PerfectPitchPoC.Android", "PerfectPitchPoC.Android\PerfectPitchPoC.Android.csproj", "{8C2256DF-0DA9-49EF-BF67-05ED0CB14987}"
EndProject
Project("{FAE04EC0-301F-11D3-BF4B-00C04F79EFBC}") = "PerfectPitchPoC.iOS", "PerfectPitchPoC.iOS\PerfectPitchPoC.iOS.csproj", "{5D67B4D7-B362-4E91-A695-D3A9774C387E}"
EndProject
Project("{FAE04EC0-301F-11D3-BF4B-00C04F79EFBC}") = "PerfectPitchPoC", "PerfectPitchPoC\PerfectPitchPoC.csproj", "{94B62ECC-A522-4867-B0C3-BCA7BA68CFE3}"
EndProject
Global
	GlobalSection(SolutionConfigurationPlatforms) = preSolution
		Debug|Any CPU = Debug|Any CPU
		Debug|ARM = Debug|ARM
		Debug|iPhone = Debug|iPhone
		Debug|iPhoneSimulator = Debug|iPhoneSimulator
		Debug|x64 = Debug|x64
		Debug|x86 = Debug|x86
		Release|Any CPU = Release|Any CPU
		Release|ARM = Release|ARM
		Release|iPhone = Release|iPhone
		Release|iPhoneSimulator = Release|iPhoneSimulator
		Release|x64 = Release|x64
		Release|x86 = Release|x86
	EndGlobalSection
	GlobalSection(ProjectConfigurationPlatforms) = postSolution
		{E568B91A-D5E1-4FA4-AAFA-98D70ACF35A6}.Debug|Any CPU.ActiveCfg = Debug|x86
		{E568B91A-D5E1-4FA4-AAFA-98D70ACF35A6}.Debug|Any CPU.Build.0 = Debug|x86
		{E568B91A-D5E1-4FA4-AAFA-98D70ACF35A6}.Debug|Any CPU.Deploy.0 = Debug|x86
		{E568B91A-D5E1-4FA4-AAFA-98D70ACF35A6}.Debug|ARM.ActiveCfg = Debug|ARM
		{E568B91A-D5E1-4FA4-AAFA-98D70ACF35A6}.Debug|ARM.Build.0 = Debug|ARM
		{E568B91A-D5E1-4FA4-AAFA-98D70ACF35A6}.Debug|ARM.Deploy.0 = Debug|ARM
		{E568B91A-D5E1-4FA4-AAFA-98D70ACF35A6}.Debug|iPhone.ActiveCfg = Debug|x86
		{E568B91A-D5E1-4FA4-AAFA-98D70ACF35A6}.Debug|iPhone.Build.0 = Debug|x86
		{E568B91A-D5E1-4FA4-AAFA-98D70ACF35A6}.Debug|iPhone.Deploy.0 = Debug|x86
		{E568B91A-D5E1-4FA4-AAFA-98D70ACF35A6}.Debug|iPhoneSimulator.ActiveCfg = Debug|x86
		{E568B91A-D5E1-4FA4-AAFA-98D70ACF35A6}.Debug|iPhoneSimulator.Build.0 = Debug|x86
		{E568B91A-D5E1-4FA4-AAFA-98D70ACF35A6}.Debug|iPhoneSimulator.Deploy.0 = Debug|x86
		{E568B91A-D5E1-4FA4-AAFA-98D70ACF35A6}.Debug|x64.ActiveCfg = Debug|x64
		{E568B91A-D5E1-4FA4-AAFA-98D70ACF35A6}.Debug|x64.Build.0 = Debug|x64
		{E568B91A-D5E1-4FA4-AAFA-98D70ACF35A6}.Debug|x64.Deploy.0 = Debug|x64
		{E568B91A-D5E1-4FA4-AAFA-98D70ACF35A6}.Debug|x86.ActiveCfg = Debug|x86
		{E568B91A-D5E1-4FA4-AAFA-98D70ACF35A6}.Debug|x86.Build.0 = Debug|x86
		{E568B91A-D5E1-4FA4-AAFA-98D70ACF35A6}.Debug|x86.Deploy.0 = Debug|x86
		{E568B91A-D5E1-4FA4-AAFA-98D70ACF35A6}.Release|Any CPU.ActiveCfg = Release|x86
		{E568B91A-D5E1-4FA4-AAFA-98D70ACF35A6}.Release|Any CPU.Build.0 = Release|x86
		{E568B91A-D5E1-4FA4-AAFA-98D70ACF35A6}.Release|Any CPU.Deploy.0 = Release|x86
		{E568B91A-D5E1-4FA4-AAFA-98D70ACF35A6}.Release|ARM.ActiveCfg = Release|ARM
		{E568B91A-D5E1-4FA4-AAFA-98D70ACF35A6}.Release|ARM.Build.0 = Release|ARM
		{E568B91A-D5E1-4FA4-AAFA-98D70ACF35A6}.Release|ARM.Deploy.0 = Release|ARM
		{E568B91A-D5E1-4FA4-AAFA-98D70ACF35A6}.Release|iPhone.ActiveCfg = Release|x86
		{E568B91A-D5E1-4FA4-AAFA-98D70ACF35A6}.Release|iPhone.Build.0 = Release|x86
		{E568B91A-D5E1-4FA4-AAFA-98D70ACF35A6}.Release|iPhone.Deploy.0 = Release|x86
		{E568B91A-D5E1-4FA4-AAFA-98D70ACF35A6}.Release|iPhoneSimulator.ActiveCfg = Release|x86
		{E568B91A-D5E1-4FA4-AAFA-98D70ACF35A6}.Release|iPhoneSimulator.Build.0 = Release|x86
		{E568B91A-D5E1-4FA4-AAFA-98D70ACF35A6}.Release|iPhoneSimulator.Deploy.0 = Release|x86
		{E568B91A-D5E1-4FA4-AAFA-98D70ACF35A6}.Release|x64.ActiveCfg = Release|x64
		{E568B91A-D5E1-4FA4-AAFA-98D70ACF35A6}.Release|x64.Build.0 = Release|x64
		{E568B91A-D5E1-4FA4-AAFA-98D70ACF35A6}.Release|x64.Deploy.0 = Release|x64
		{E568B91A-D5E1-4FA4-AAFA-98D70ACF35A6}.Release|x86.ActiveCfg = Release|x86
		{E568B91A-D5E1-4FA4-AAFA-98D70ACF35A6}.Release|x86.Build.0 = Release|x86
		{E568B91A-D5E1-4FA4-AAFA-98D70ACF35A6}.Release|x86.Deploy.0 = Release|x86
		{8C2256DF-0DA9-49EF-BF67-05ED0CB14987}.Debug|Any CPU.ActiveCfg = Debug|Any CPU
		{8C2256DF-0DA9-49EF-BF67-05ED0CB14987}.Debug|Any CPU.Build.0 = Debug|Any CPU
		{8C2256DF-0DA9-49EF-BF67-05ED0CB14987}.Debug|Any CPU.Deploy.0 = Debug|Any CPU
		{8C2256DF-0DA9-49EF-BF67-05ED0CB14987}.Debug|ARM.ActiveCfg = Debug|Any CPU
		{8C2256DF-0DA9-49EF-BF67-05ED0CB14987}.Debug|ARM.Build.0 = Debug|Any CPU
		{8C2256DF-0DA9-49EF-BF67-05ED0CB14987}.Debug|ARM.Deploy.0 = Debug|Any CPU
		{8C2256DF-0DA9-49EF-BF67-05ED0CB14987}.Debug|iPhone.ActiveCfg = Debug|Any CPU
		{8C2256DF-0DA9-49EF-BF67-05ED0CB14987}.Debug|iPhone.Build.0 = Debug|Any CPU
		{8C2256DF-0DA9-49EF-BF67-05ED0CB14987}.Debug|iPhone.Deploy.0 = Debug|Any CPU
		{8C2256DF-0DA9-49EF-BF67-05ED0CB14987}.Debug|iPhoneSimulator.ActiveCfg = Debug|Any CPU
		{8C2256DF-0DA9-49EF-BF67-05ED0CB14987}.Debug|iPhoneSimulator.Build.0 = Debug|Any CPU
		{8C2256DF-0DA9-49EF-BF67-05ED0CB14987}.Debug|iPhoneSimulator.Deploy.0 = Debug|Any CPU
		{8C2256DF-0DA9-49EF-BF67-05ED0CB14987}.Debug|x64.ActiveCfg = Debug|Any CPU
		{8C2256DF-0DA9-49EF-BF67-05ED0CB14987}.Debug|x64.Build.0 = Debug|Any CPU
		{8C2256DF-0DA9-49EF-BF67-05ED0CB14987}.Debug|x64.Deploy.0 = Debug|Any CPU
		{8C2256DF-0DA9-49EF-BF67-05ED0CB14987}.Debug|x86.ActiveCfg = Debug|Any CPU
		{8C2256DF-0DA9-49EF-BF67-05ED0CB14987}.Debug|x86.Build.0 = Debug|Any CPU
		{8C2256DF-0DA9-49EF-BF67-05ED0CB14987}.Debug|x86.Deploy.0 = Debug|Any CPU
		{8C2256DF-0DA9-49EF-BF67-05ED0CB14987}.Release|Any CPU.ActiveCfg = Release|Any CPU
		{8C2256DF-0DA9-49EF-BF67-05ED0CB14987}.Release|Any CPU.Build.0 = Release|Any CPU
		{8C2256DF-0DA9-49EF-BF67-05ED0CB14987}.Release|Any CPU.Deploy.0 = Release|Any CPU
		{8C2256DF-0DA9-49EF-BF67-05ED0CB14987}.Release|ARM.ActiveCfg = Release|Any CPU
		{8C2256DF-0DA9-49EF-BF67-05ED0CB14987}.Release|ARM.Build.0 = Release|Any CPU
		{8C2256DF-0DA9-49EF-BF67-05ED0CB14987}.Release|ARM.Deploy.0 = Release|Any CPU
		{8C2256DF-0DA9-49EF-BF67-05ED0CB14987}.Release|iPhone.ActiveCfg = Release|Any CPU
		{8C2256DF-0DA9-49EF-BF67-05ED0CB14987}.Release|iPhone.Build.0 = Release|Any CPU
		{8C2256DF-0DA9-49EF-BF67-05ED0CB14987}.Release|iPhone.Deploy.0 = Release|Any CPU
		{8C2256DF-0DA9-49EF-BF67-05ED0CB14987}.Release|iPhoneSimulator.ActiveCfg = Release|Any CPU
		{8C2256DF-0DA9-49EF-BF67-05ED0CB14987}.Release|iPhoneSimulator.Build.0 = Release|Any CPU
		{8C2256DF-0DA9-49EF-BF67-05ED0CB14987}.Release|iPhoneSimulator.Deploy.0 = Release|Any CPU
		{8C2256DF-0DA9-49EF-BF67-05ED0CB14987}.Release|x64.ActiveCfg = Release|Any CPU
		{8C2256DF-0DA9-49EF-BF67-05ED0CB14987}.Release|x64.Build.0 = Release|Any CPU
		{8C2256DF-0DA9-49EF-BF67-05ED0CB14987}.Release|x64.Deploy.0 = Release|Any CPU
		{8C2256DF-0DA9-49EF-BF67-05ED0CB14987}.Release|x86.ActiveCfg = Release|Any CPU
		{8C2256DF-0DA9-49EF-BF67-05ED0CB14987}.Release|x86.Build.0 = Release|Any CPU
		{8C2256DF-0DA9-49EF-BF67-05ED0CB14987}.Release|x86.Deploy.0 = Release|Any CPU
		{5D67B4D7-B362-4E91-A695-D3A9774C387E}.Debug|Any CPU.ActiveCfg = Debug|iPhoneSimulator
		{5D67B4D7-B362-4E91-A695-D3A9774C387E}.Debug|Any CPU.Build.0 = Debug|iPhoneSimulator
		{5D67B4D7-B362-4E91-A695-D3A9774C387E}.Debug|Any CPU.Deploy.0 = Debug|iPhoneSimulator
		{5D67B4D7-B362-4E91-A695-D3A9774C387E}.Debug|ARM.ActiveCfg = Debug|iPhone
		{5D67B4D7-B362-4E91-A695-D3A9774C387E}.Debug|ARM.Build.0 = Debug|iPhone
		{5D67B4D7-B362-4E91-A695-D3A9774C387E}.Debug|ARM.Deploy.0 = Debug|iPhone
		{5D67B4D7-B362-4E91-A695-D3A9774C387E}.Debug|iPhone.ActiveCfg = Debug|iPhone
		{5D67B4D7-B362-4E91-A695-D3A9774C387E}.Debug|iPhone.Build.0 = Debug|iPhone
		{5D67B4D7-B362-4E91-A695-D3A9774C387E}.Debug|iPhone.Deploy.0 = Debug|iPhone
		{5D67B4D7-B362-4E91-A695-D3A9774C387E}.Debug|iPhoneSimulator.ActiveCfg = Debug|iPhoneSimulator
		{5D67B4D7-B362-4E91-A695-D3A9774C387E}.Debug|iPhoneSimulator.Build.0 = Debug|iPhoneSimulator
		{5D67B4D7-B362-4E91-A695-D3A9774C387E}.Debug|iPhoneSimulator.Deploy.0 = Debug|iPhoneSimulator
		{5D67B4D7-B362-4E91-A695-D3A9774C387E}.Debug|x64.ActiveCfg = Debug|iPhoneSimulator
		{5D67B4D7-B362-4E91-A695-D3A9774C387E}.Debug|x64.Build.0 = Debug|iPhoneSimulator
		{5D67B4D7-B362-4E91-A695-D3A9774C387E}.Debug|x64.Deploy.0 = Debug|iPhoneSimulator
		{5D67B4D7-B362-4E91-A695-D3A9774C387E}.Debug|x86.ActiveCfg = Debug|iPhoneSimulator
		{5D67B4D7-B362-4E91-A695-D3A9774C387E}.Debug|x86.Build.0 = Debug|iPhoneSimulator
		{5D67B4D7-B362-4E91-A695-D3A9774C387E}.Debug|x86.Deploy.0 = Debug|iPhoneSimulator
		{5D67B4D7-B362-4E91-A695-D3A9774C387E}.Release|Any CPU.ActiveCfg = Release|iPhoneSimulator
		{5D67B4D7-B362-4E91-A695-D3A9774C387E}.Release|Any CPU.Build.0 = Release|iPhoneSimulator
		{5D67B4D7-B362-4E91-A695-D3A9774C387E}.Release|Any CPU.Deploy.0 = Release|iPhoneSimulator
		{5D67B4D7-B362-4E91-A695-D3A9774C387E}.Release|ARM.ActiveCfg = Release|iPhoneSimulator
		{5D67B4D7-B362-4E91-A695-D3A9774C387E}.Release|ARM.Build.0 = Release|iPhoneSimulator
		{5D67B4D7-B362-4E91-A695-D3A9774C387E}.Release|ARM.Deploy.0 = Release|iPhoneSimulator
		{5D67B4D7-B362-4E91-A695-D3A9774C387E}.Release|iPhone.ActiveCfg = Release|iPhone
		{5D67B4D7-B362-4E91-A695-D3A9774C387E}.Release|iPhone.Build.0 = Release|iPhone
		{5D67B4D7-B362-4E91-A695-D3A9774C387E}.Release|iPhone.Deploy.0 = Release|iPhone
		{5D67B4D7-B362-4E91-A695-D3A9774C387E}.Release|iPhoneSimulator.ActiveCfg = Release|iPhoneSimulator
		{5D67B4D7-B362-4E91-A695-D3A9774C387E}.Release|iPhoneSimulator.Build.0 = Release|iPhoneSimulator
		{5D67B4D7-B362-4E91-A695-D3A9774C387E}.Release|iPhoneSimulator.Deploy.0 = Release|iPhoneSimulator
		{5D67B4D7-B362-4E91-A695-D3A9774C387E}.Release|x64.ActiveCfg = Release|iPhoneSimulator
		{5D67B4D7-B362-4E91-A695-D3A9774C387E}.Release|x64.Build.0 = Release|iPhoneSimulator
		{5D67B4D7-B362-4E91-A695-D3A9774C387E}.Release|x64.Deploy.0 = Release|iPhoneSimulator
		{5D67B4D7-B362-4E91-A695-D3A9774C387E}.Release|x86.ActiveCfg = Release|iPhoneSimulator
		{5D67B4D7-B362-4E91-A695-D3A9774C387E}.Release|x86.Build.0 = Release|iPhoneSimulator
		{5D67B4D7-B362-4E91-A695-D3A9774C387E}.Release|x86.Deploy.0 = Release|iPhoneSimulator
		{94B62ECC-A522-4867-B0C3-BCA7BA68CFE3}.Debug|Any CPU.ActiveCfg = Debug|Any CPU
		{94B62ECC-A522-4867-B0C3-BCA7BA68CFE3}.Debug|Any CPU.Build.0 = Debug|Any CPU
		{94B62ECC-A522-4867-B0C3-BCA7BA68CFE3}.Debug|Any CPU.Deploy.0 = Debug|Any CPU
		{94B62ECC-A522-4867-B0C3-BCA7BA68CFE3}.Debug|ARM.ActiveCfg = Debug|Any CPU
		{94B62ECC-A522-4867-B0C3-BCA7BA68CFE3}.Debug|ARM.Build.0 = Debug|Any CPU
		{94B62ECC-A522-4867-B0C3-BCA7BA68CFE3}.Debug|ARM.Deploy.0 = Debug|Any CPU
		{94B62ECC-A522-4867-B0C3-BCA7BA68CFE3}.Debug|iPhone.ActiveCfg = Debug|Any CPU
		{94B62ECC-A522-4867-B0C3-BCA7BA68CFE3}.Debug|iPhone.Build.0 = Debug|Any CPU
		{94B62ECC-A522-4867-B0C3-BCA7BA68CFE3}.Debug|iPhone.Deploy.0 = Debug|Any CPU
		{94B62ECC-A522-4867-B0C3-BCA7BA68CFE3}.Debug|iPhoneSimulator.ActiveCfg = Debug|Any CPU
		{94B62ECC-A522-4867-B0C3-BCA7BA68CFE3}.Debug|iPhoneSimulator.Build.0 = Debug|Any CPU
		{94B62ECC-A522-4867-B0C3-BCA7BA68CFE3}.Debug|iPhoneSimulator.Deploy.0 = Debug|Any CPU
		{94B62ECC-A522-4867-B0C3-BCA7BA68CFE3}.Debug|x64.ActiveCfg = Debug|Any CPU
		{94B62ECC-A522-4867-B0C3-BCA7BA68CFE3}.Debug|x64.Build.0 = Debug|Any CPU
		{94B62ECC-A522-4867-B0C3-BCA7BA68CFE3}.Debug|x64.Deploy.0 = Debug|Any CPU
		{94B62ECC-A522-4867-B0C3-BCA7BA68CFE3}.Debug|x86.ActiveCfg = Debug|Any CPU
		{94B62ECC-A522-4867-B0C3-BCA7BA68CFE3}.Debug|x86.Build.0 = Debug|Any CPU
		{94B62ECC-A522-4867-B0C3-BCA7BA68CFE3}.Debug|x86.Deploy.0 = Debug|Any CPU
		{94B62ECC-A522-4867-B0C3-BCA7BA68CFE3}.Release|Any CPU.ActiveCfg = Release|Any CPU
		{94B62ECC-A522-4867-B0C3-BCA7BA68CFE3}.Release|Any CPU.Build.0 = Release|Any CPU
		{94B62ECC-A522-4867-B0C3-BCA7BA68CFE3}.Release|Any CPU.Deploy.0 = Release|Any CPU
		{94B62ECC-A522-4867-B0C3-BCA7BA68CFE3}.Release|ARM.ActiveCfg = Release|Any CPU
		{94B62ECC-A522-4867-B0C3-BCA7BA68CFE3}.Release|ARM.Build.0 = Release|Any CPU
		{94B62ECC-A522-4867-B0C3-BCA7BA68CFE3}.Release|ARM.Deploy.0 = Release|Any CPU
		{94B62ECC-A522-4867-B0C3-BCA7BA68CFE3}.Release|iPhone.ActiveCfg = Release|Any CPU
		{94B62ECC-A522-4867-B0C3-BCA7BA68CFE3}.Release|iPhone.Build.0 = Release|Any CPU
		{94B62ECC-A522-4867-B0C3-BCA7BA68CFE3}.Release|iPhone.Deploy.0 = Release|Any CPU
		{94B62ECC-A522-4867-B0C3-BCA7BA68CFE3}.Release|iPhoneSimulator.ActiveCfg = Release|Any CPU
		{94B62ECC-A522-4867-B0C3-BCA7BA68CFE3}.Release|iPhoneSimulator.Build.0 = Release|Any CPU
		{94B62ECC-A522-4867-B0C3-BCA7BA68CFE3}.Release|iPhoneSimulator.Deploy.0 = Release|Any CPU
		{94B62ECC-A522-4867-B0C3-BCA7BA68CFE3}.Release|x64.ActiveCfg = Release|Any CPU
		{94B62ECC-A522-4867-B0C3-BCA7BA68CFE3}.Release|x64.Build.0 = Release|Any CPU
		{94B62ECC-A522-4867-B0C3-BCA7BA68CFE3}.Release|x64.Deploy.0 = Release|Any CPU
		{94B62ECC-A522-4867-B0C3-BCA7BA68CFE3}.Release|x86.ActiveCfg = Release|Any CPU
		{94B62ECC-A522-4867-B0C3-BCA7BA68CFE3}.Release|x86.Build.0 = Release|Any CPU
		{94B62ECC-A522-4867-B0C3-BCA7BA68CFE3}.Release|x86.Deploy.0 = Release|Any CPU
	EndGlobalSection
	GlobalSection(SolutionProperties) = preSolution
		HideSolutionNode = FALSE
	EndGlobalSection
	GlobalSection(ExtensibilityGlobals) = postSolution
		SolutionGuid = {87D8B595-CADF-49F7-BCBC-49894AD92436}
	EndGlobalSection
EndGlobal
